# THIS IS AN AUTOGENERATED FILE. DO NOT EDIT THIS FILE DIRECTLY.
# yarn lockfile v1


commander@^2.11.0:
  version "2.20.3"
  resolved "https://registry.yarnpkg.com/commander/-/commander-2.20.3.tgz#fd485e84c03eb4881c20722ba48035e8531aeb33"
  integrity sha512-GpVkmM8vF2vQUkj2LvZmD35JxeJOLCwJ9cUkugyk2nuhbv3+mJvpLYYt+0+USMxE+oj+ey/lJEnhZw75x/OMcQ==

docker-browse@^1.1.0:
  version "1.1.0"
  resolved "https://registry.yarnpkg.com/docker-browse/-/docker-browse-1.1.0.tgz#f46cf3128956ce9c3e9d7a6e76a0ceba80f6aafe"
  integrity sha512-BCrpAGaUxXjQFSV+qoXZypZJMpL9eqCnlbv1YBC99C2pOZCjHba1XIgT2Cnman+hBBSy+xlaVSIb2Z2G1PCyrA==
  dependencies:
    commander "^2.11.0"
    engine-check "^1.0.0"
    http-link-header "^0.8.0"
    httplease "^0.5.3"
    parse-http-header "^1.0.0"
    q "^1.5.0"

engine-check@^1.0.0:
  version "1.0.1"
  resolved "https://registry.yarnpkg.com/engine-check/-/engine-check-1.0.1.tgz#10392a9af59fc0d6eac67382c0b639c7f3e7fcac"
  integrity sha512-We1LIiRIkaGfEvhuqgmvyJiZFGO+lpD7nMfSFryM5UaFhrh9vfZWYbb4lqZhsnVCRW55RSflC7WgTiEHbdbIAA==
  dependencies:
    semver "^5.0"

http-link-header@^0.8.0:
  version "0.8.0"
  resolved "https://registry.yarnpkg.com/http-link-header/-/http-link-header-0.8.0.tgz#a22b41a0c9b1e2d8fac1bf1b697c6bd532d5f5e4"
  integrity sha1-oitBoMmx4tj6wb8baXxr1TLV9eQ=

httplease@^0.5.3:
  version "0.5.3"
  resolved "https://registry.yarnpkg.com/httplease/-/httplease-0.5.3.tgz#ac86c505223474c1e8792b5bf7776513a14ad51f"
  integrity sha1-rIbFBSI0dMHoeStb93dlE6FK1R8=

parse-http-header@^1.0.0:
  version "1.0.1"
  resolved "https://registry.yarnpkg.com/parse-http-header/-/parse-http-header-1.0.1.tgz#791dcf6706ab299640db8bc427f80087d8188d58"
  integrity sha512-xOoH7vzokDoenX4e3c+4ik8lf30kq9Pawq20TH5uq3RURsIJquqFTE0gS7OAEE6nvMQzuP5OXxubYuN7YLsTiw==

q@^1.5.0:
  version "1.5.1"
  resolved "https://registry.yarnpkg.com/q/-/q-1.5.1.tgz#7e32f75b41381291d04611f1bf14109ac00651d7"
  integrity sha1-fjL3W0E4EpHQRhHxvxQQmsAGUdc=

semver@^5.0:
  version "5.7.1"
  resolved "https://registry.yarnpkg.com/semver/-/semver-5.7.1.tgz#a954f931aeba508d307bbf069eff0c01c96116f7"
  integrity sha512-sauaDf/PZdVgrLTNYHRtpXa1iRiKcaebiKQ1BJdpQlWH2lCvexQdX55snPFyK7QzpudqbCI0qXFfOasHdyNDGQ==
